
Microsoft Visual Studio Solution File, Format Version 12.00
# Visual Studio Version 17
VisualStudioVersion = 17.4.33213.308
MinimumVisualStudioVersion = 10.0.40219.1
Project("{FAE04EC0-301F-11D3-BF4B-00C04F79EFBC}") = "AKKA_demo", "AKKA_demo.csproj", "{DFC10CB9-DB3B-4B13-AF76-76B0C56548C2}"
EndProject
Global
	GlobalSection(SolutionConfigurationPlatforms) = preSolution
		Debug|Any CPU = Debug|Any CPU
		Release|Any CPU = Release|Any CPU
	EndGlobalSection
	GlobalSection(ProjectConfigurationPlatforms) = postSolution
		{DFC10CB9-DB3B-4B13-AF76-76B0C56548C2}.Debug|Any CPU.ActiveCfg = Debug|Any CPU
		{DFC10CB9-DB3B-4B13-AF76-76B0C56548C2}.Debug|Any CPU.Build.0 = Debug|Any CPU
		{DFC10CB9-DB3B-4B13-AF76-76B0C56548C2}.Release|Any CPU.ActiveCfg = Release|Any CPU
		{DFC10CB9-DB3B-4B13-AF76-76B0C56548C2}.Release|Any CPU.Build.0 = Release|Any CPU
	EndGlobalSection
	GlobalSection(SolutionProperties) = preSolution
		HideSolutionNode = FALSE
	EndGlobalSection
	GlobalSection(ExtensibilityGlobals) = postSolution
		SolutionGuid = {B44D9579-208B-4EC2-B66C-D17253E6481E}
	EndGlobalSection
EndGlobal
